
Microsoft Visual Studio Solution File, Format Version 12.00
Project("{2150E333-8FDC-42A3-9474-1A3956D46DE8}") = "BlazorWebAppWithWepAPI", "BlazorWebAppWithWepAPI", "{E5693BAE-79A3-4CC5-BE60-89188EC9721F}"
EndProject
Project("{FAE04EC0-301F-11D3-BF4B-00C04F79EFBC}") = "FamilyBlazorWebApp", "FamilyBlazorWebApp\FamilyBlazorWebApp.csproj", "{67E0ED71-D644-4F90-A731-E7AA27BE9F45}"
EndProject
Project("{FAE04EC0-301F-11D3-BF4B-00C04F79EFBC}") = "FamilyWepApi", "FamilyWepApi\FamilyWepApi.csproj", "{D76B691F-F8AF-423F-8448-AF167DCE7CF2}"
EndProject
Global
	GlobalSection(SolutionConfigurationPlatforms) = preSolution
		Debug|Any CPU = Debug|Any CPU
		Release|Any CPU = Release|Any CPU
	EndGlobalSection
	GlobalSection(ProjectConfigurationPlatforms) = postSolution
		{67E0ED71-D644-4F90-A731-E7AA27BE9F45}.Debug|Any CPU.ActiveCfg = Debug|Any CPU
		{67E0ED71-D644-4F90-A731-E7AA27BE9F45}.Debug|Any CPU.Build.0 = Debug|Any CPU
		{67E0ED71-D644-4F90-A731-E7AA27BE9F45}.Release|Any CPU.ActiveCfg = Release|Any CPU
		{67E0ED71-D644-4F90-A731-E7AA27BE9F45}.Release|Any CPU.Build.0 = Release|Any CPU
		{D76B691F-F8AF-423F-8448-AF167DCE7CF2}.Debug|Any CPU.ActiveCfg = Debug|Any CPU
		{D76B691F-F8AF-423F-8448-AF167DCE7CF2}.Debug|Any CPU.Build.0 = Debug|Any CPU
		{D76B691F-F8AF-423F-8448-AF167DCE7CF2}.Release|Any CPU.ActiveCfg = Release|Any CPU
		{D76B691F-F8AF-423F-8448-AF167DCE7CF2}.Release|Any CPU.Build.0 = Release|Any CPU
	EndGlobalSection
	GlobalSection(NestedProjects) = preSolution
		{67E0ED71-D644-4F90-A731-E7AA27BE9F45} = {E5693BAE-79A3-4CC5-BE60-89188EC9721F}
		{D76B691F-F8AF-423F-8448-AF167DCE7CF2} = {E5693BAE-79A3-4CC5-BE60-89188EC9721F}
	EndGlobalSection
EndGlobal
